
Microsoft Visual Studio Solution File, Format Version 12.00
# Visual Studio Version 17
VisualStudioVersion = 17.5.002.0
MinimumVisualStudioVersion = 10.0.40219.1
Project("{9A19103F-16F7-4668-BE54-9A1E7A4F7556}") = "CRUDAPI", "CRUDAPI\CRUDAPI.csproj", "{8CE10622-A115-4811-832E-2C093C932C63}"
EndProject
Global
	GlobalSection(SolutionConfigurationPlatforms) = preSolution
		Debug|Any CPU = Debug|Any CPU
		Release|Any CPU = Release|Any CPU
	EndGlobalSection
	GlobalSection(ProjectConfigurationPlatforms) = postSolution
		{8CE10622-A115-4811-832E-2C093C932C63}.Debug|Any CPU.ActiveCfg = Debug|Any CPU
		{8CE10622-A115-4811-832E-2C093C932C63}.Debug|Any CPU.Build.0 = Debug|Any CPU
		{8CE10622-A115-4811-832E-2C093C932C63}.Release|Any CPU.ActiveCfg = Release|Any CPU
		{8CE10622-A115-4811-832E-2C093C932C63}.Release|Any CPU.Build.0 = Release|Any CPU
	EndGlobalSection
	GlobalSection(SolutionProperties) = preSolution
		HideSolutionNode = FALSE
	EndGlobalSection
	GlobalSection(ExtensibilityGlobals) = postSolution
		SolutionGuid = {67226978-35B9-4BCD-82D2-0BDE12D7AA85}
	EndGlobalSection
EndGlobal
